
Microsoft Visual Studio Solution File, Format Version 12.00
# Visual Studio 14
VisualStudioVersion = 14.0.25420.1
MinimumVisualStudioVersion = 10.0.40219.1
Project("{FAE04EC0-301F-11D3-BF4B-00C04F79EFBC}") = "JonathanRobbins.xTendingxDB", "JonathanRobbins.xTendingxDB\JonathanRobbins.xTendingxDB.csproj", "{529F47D9-09DE-4044-ADDA-CCBF08EA0148}"
EndProject
Project("{FAE04EC0-301F-11D3-BF4B-00C04F79EFBC}") = "JonathanRobbins.xTendingxDB.Tests", "JonathanRobbins.xTendingxDB.Tests\JonathanRobbins.xTendingxDB.Tests.csproj", "{1C1B8B54-E0C6-4DC3-ABE2-D2E76557C137}"
EndProject
Project("{2150E333-8FDC-42A3-9474-1A3956D46DE8}") = "Lib", "Lib", "{560922F1-A4FC-40C7-9B9A-30E78BAF2753}"
	ProjectSection(SolutionItems) = preProject
		Lib\Sitecore.Abstractions.dll = Lib\Sitecore.Abstractions.dll
		Lib\Sitecore.Analytics.Aggregation.dll = Lib\Sitecore.Analytics.Aggregation.dll
		Lib\Sitecore.Analytics.Automation.Aggregation.dll = Lib\Sitecore.Analytics.Automation.Aggregation.dll
		Lib\Sitecore.Analytics.Automation.dll = Lib\Sitecore.Analytics.Automation.dll
		Lib\Sitecore.Analytics.Automation.MongoDB.dll = Lib\Sitecore.Analytics.Automation.MongoDB.dll
		Lib\Sitecore.Analytics.Core.dll = Lib\Sitecore.Analytics.Core.dll
		Lib\Sitecore.Analytics.DataAccess.dll = Lib\Sitecore.Analytics.DataAccess.dll
		Lib\Sitecore.Analytics.dll = Lib\Sitecore.Analytics.dll
		Lib\Sitecore.Analytics.Model.dll = Lib\Sitecore.Analytics.Model.dll
		Lib\Sitecore.Analytics.MongoDB.dll = Lib\Sitecore.Analytics.MongoDB.dll
		Lib\Sitecore.Analytics.OmniChannel.dll = Lib\Sitecore.Analytics.OmniChannel.dll
		Lib\Sitecore.Analytics.Outcome.dll = Lib\Sitecore.Analytics.Outcome.dll
		Lib\Sitecore.Analytics.Processing.dll = Lib\Sitecore.Analytics.Processing.dll
		Lib\Sitecore.Analytics.RobotDetection.dll = Lib\Sitecore.Analytics.RobotDetection.dll
		Lib\Sitecore.Analytics.Sql.dll = Lib\Sitecore.Analytics.Sql.dll
		Lib\Sitecore.Apps.Loader.dll = Lib\Sitecore.Apps.Loader.dll
		Lib\Sitecore.Buckets.Client.dll = Lib\Sitecore.Buckets.Client.dll
		Lib\Sitecore.Buckets.dll = Lib\Sitecore.Buckets.dll
		Lib\Sitecore.CES.DeviceDetection.dll = Lib\Sitecore.CES.DeviceDetection.dll
		Lib\Sitecore.CES.DeviceDetection.Rules.dll = Lib\Sitecore.CES.DeviceDetection.Rules.dll
		Lib\Sitecore.CES.dll = Lib\Sitecore.CES.dll
		Lib\Sitecore.CES.GeoIp.dll = Lib\Sitecore.CES.GeoIp.dll
		Lib\Sitecore.CES.GeoIp.LegacyLocation.dll = Lib\Sitecore.CES.GeoIp.LegacyLocation.dll
		Lib\Sitecore.Cintel.Client.dll = Lib\Sitecore.Cintel.Client.dll
		Lib\Sitecore.Cintel.dll = Lib\Sitecore.Cintel.dll
		Lib\Sitecore.Client.dll = Lib\Sitecore.Client.dll
		Lib\Sitecore.Client.LicenseOptions.dll = Lib\Sitecore.Client.LicenseOptions.dll
		Lib\Sitecore.Cloud.ContentSearch.dll = Lib\Sitecore.Cloud.ContentSearch.dll
		Lib\Sitecore.Cloud.Nexus.dll = Lib\Sitecore.Cloud.Nexus.dll
		Lib\Sitecore.Cloud.RestClient.dll = Lib\Sitecore.Cloud.RestClient.dll
		Lib\Sitecore.Cloud.ServiceModel.dll = Lib\Sitecore.Cloud.ServiceModel.dll
		Lib\Sitecore.Cloud.Xdb.dll = Lib\Sitecore.Cloud.Xdb.dll
		Lib\Sitecore.Commerce.dll = Lib\Sitecore.Commerce.dll
		Lib\Sitecore.Commerce.ExperienceProfile.dll = Lib\Sitecore.Commerce.ExperienceProfile.dll
		Lib\Sitecore.ContentSearch.Analytics.Client.dll = Lib\Sitecore.ContentSearch.Analytics.Client.dll
		Lib\Sitecore.ContentSearch.Analytics.dll = Lib\Sitecore.ContentSearch.Analytics.dll
		Lib\Sitecore.ContentSearch.Client.dll = Lib\Sitecore.ContentSearch.Client.dll
		Lib\Sitecore.ContentSearch.dll = Lib\Sitecore.ContentSearch.dll
		Lib\Sitecore.ContentSearch.Linq.dll = Lib\Sitecore.ContentSearch.Linq.dll
		Lib\Sitecore.ContentSearch.Linq.Lucene.dll = Lib\Sitecore.ContentSearch.Linq.Lucene.dll
		Lib\Sitecore.ContentSearch.LuceneProvider.dll = Lib\Sitecore.ContentSearch.LuceneProvider.dll
		Lib\Sitecore.ContentTesting.dll = Lib\Sitecore.ContentTesting.dll
		Lib\Sitecore.ContentTesting.Intelligence.dll = Lib\Sitecore.ContentTesting.Intelligence.dll
		Lib\Sitecore.ContentTesting.Model.dll = Lib\Sitecore.ContentTesting.Model.dll
		Lib\Sitecore.ContentTesting.Mvc.dll = Lib\Sitecore.ContentTesting.Mvc.dll
		Lib\Sitecore.ControlPanel.dll = Lib\Sitecore.ControlPanel.dll
		Lib\Sitecore.ExperienceAnalytics.Client.dll = Lib\Sitecore.ExperienceAnalytics.Client.dll
		Lib\Sitecore.ExperienceAnalytics.dll = Lib\Sitecore.ExperienceAnalytics.dll
		Lib\Sitecore.ExperienceAnalytics.ReAggregation.dll = Lib\Sitecore.ExperienceAnalytics.ReAggregation.dll
		Lib\Sitecore.ExperienceContentManagement.Administration.dll = Lib\Sitecore.ExperienceContentManagement.Administration.dll
		Lib\Sitecore.ExperienceEditor.dll = Lib\Sitecore.ExperienceEditor.dll
		Lib\Sitecore.ExperienceEditor.Speak.dll = Lib\Sitecore.ExperienceEditor.Speak.dll
		Lib\Sitecore.ExperienceEditor.Speak.Ribbon.dll = Lib\Sitecore.ExperienceEditor.Speak.Ribbon.dll
		Lib\Sitecore.ExperienceExplorer.Business.dll = Lib\Sitecore.ExperienceExplorer.Business.dll
		Lib\Sitecore.ExperienceExplorer.Web.dll = Lib\Sitecore.ExperienceExplorer.Web.dll
		Lib\Sitecore.FXM.Client.dll = Lib\Sitecore.FXM.Client.dll
		Lib\Sitecore.FXM.dll = Lib\Sitecore.FXM.dll
		Lib\Sitecore.FXM.Service.dll = Lib\Sitecore.FXM.Service.dll
		Lib\Sitecore.FXM.Speak.dll = Lib\Sitecore.FXM.Speak.dll
		Lib\Sitecore.ItemWebApi.dll = Lib\Sitecore.ItemWebApi.dll
		Lib\Sitecore.Kernel.dll = Lib\Sitecore.Kernel.dll
		Lib\Sitecore.LaunchPad.dll = Lib\Sitecore.LaunchPad.dll
		Lib\Sitecore.ListManagement.Analytics.dll = Lib\Sitecore.ListManagement.Analytics.dll
		Lib\Sitecore.ListManagement.Client.dll = Lib\Sitecore.ListManagement.Client.dll
		Lib\Sitecore.ListManagement.ContentSearch.dll = Lib\Sitecore.ListManagement.ContentSearch.dll
		Lib\Sitecore.ListManagement.dll = Lib\Sitecore.ListManagement.dll
		Lib\Sitecore.ListManagement.Services.dll = Lib\Sitecore.ListManagement.Services.dll
		Lib\Sitecore.Logging.Client.dll = Lib\Sitecore.Logging.Client.dll
		Lib\Sitecore.Logging.dll = Lib\Sitecore.Logging.dll
		Lib\Sitecore.Marketing.Campaigns.Client.dll = Lib\Sitecore.Marketing.Campaigns.Client.dll
		Lib\Sitecore.Marketing.Campaigns.Services.dll = Lib\Sitecore.Marketing.Campaigns.Services.dll
		Lib\Sitecore.Marketing.Client.dll = Lib\Sitecore.Marketing.Client.dll
		Lib\Sitecore.Marketing.Core.dll = Lib\Sitecore.Marketing.Core.dll
		Lib\Sitecore.Marketing.Definitions.MarketingAssets.Repositories.dll = Lib\Sitecore.Marketing.Definitions.MarketingAssets.Repositories.dll
		Lib\Sitecore.Marketing.dll = Lib\Sitecore.Marketing.dll
		Lib\Sitecore.Marketing.Search.dll = Lib\Sitecore.Marketing.Search.dll
		Lib\Sitecore.Marketing.Taxonomy.dll = Lib\Sitecore.Marketing.Taxonomy.dll
		Lib\Sitecore.Mvc.Analytics.dll = Lib\Sitecore.Mvc.Analytics.dll
		Lib\Sitecore.Mvc.DeviceSimulator.dll = Lib\Sitecore.Mvc.DeviceSimulator.dll
		Lib\Sitecore.Mvc.dll = Lib\Sitecore.Mvc.dll
		Lib\Sitecore.Mvc.ExperienceEditor.dll = Lib\Sitecore.Mvc.ExperienceEditor.dll
		Lib\sitecore.nexus.dll = Lib\sitecore.nexus.dll
		Lib\Sitecore.NVelocity.dll = Lib\Sitecore.NVelocity.dll
		Lib\Sitecore.Oracle.dll = Lib\Sitecore.Oracle.dll
		Lib\Sitecore.PathAnalyzer.Client.dll = Lib\Sitecore.PathAnalyzer.Client.dll
		Lib\Sitecore.PathAnalyzer.dll = Lib\Sitecore.PathAnalyzer.dll
		Lib\Sitecore.PathAnalyzer.Services.dll = Lib\Sitecore.PathAnalyzer.Services.dll
		Lib\Sitecore.Publishing.WebDeploy.dll = Lib\Sitecore.Publishing.WebDeploy.dll
		Lib\Sitecore.Security.AntiCsrf.dll = Lib\Sitecore.Security.AntiCsrf.dll
		Lib\Sitecore.SegmentBuilder.dll = Lib\Sitecore.SegmentBuilder.dll
		Lib\Sitecore.SequenceAnalyzer.dll = Lib\Sitecore.SequenceAnalyzer.dll
		Lib\Sitecore.Services.Client.dll = Lib\Sitecore.Services.Client.dll
		Lib\Sitecore.Services.Core.dll = Lib\Sitecore.Services.Core.dll
		Lib\Sitecore.Services.Infrastructure.dll = Lib\Sitecore.Services.Infrastructure.dll
		Lib\Sitecore.Services.Infrastructure.Sitecore.dll = Lib\Sitecore.Services.Infrastructure.Sitecore.dll
		Lib\Sitecore.SessionProvider.dll = Lib\Sitecore.SessionProvider.dll
		Lib\Sitecore.SessionProvider.Memory.dll = Lib\Sitecore.SessionProvider.Memory.dll
		Lib\Sitecore.SessionProvider.MongoDB.dll = Lib\Sitecore.SessionProvider.MongoDB.dll
		Lib\Sitecore.SessionProvider.Sql.dll = Lib\Sitecore.SessionProvider.Sql.dll
		Lib\Sitecore.Shell.MarketingAutomation.dll = Lib\Sitecore.Shell.MarketingAutomation.dll
		Lib\Sitecore.Social.Api.dll = Lib\Sitecore.Social.Api.dll
		Lib\Sitecore.Social.Client.Api.dll = Lib\Sitecore.Social.Client.Api.dll
		Lib\Sitecore.Social.Client.Common.dll = Lib\Sitecore.Social.Client.Common.dll
		Lib\Sitecore.Social.Client.dll = Lib\Sitecore.Social.Client.dll
		Lib\Sitecore.Social.Client.Domain.dll = Lib\Sitecore.Social.Client.Domain.dll
		Lib\Sitecore.Social.Client.Mvc.dll = Lib\Sitecore.Social.Client.Mvc.dll
		Lib\Sitecore.Social.Client.Speak.dll = Lib\Sitecore.Social.Client.Speak.dll
		Lib\Sitecore.Social.Configuration.dll = Lib\Sitecore.Social.Configuration.dll
		Lib\Sitecore.Social.dll = Lib\Sitecore.Social.dll
		Lib\Sitecore.Social.Domain.dll = Lib\Sitecore.Social.Domain.dll
		Lib\Sitecore.Social.ExperienceProfile.Client.dll = Lib\Sitecore.Social.ExperienceProfile.Client.dll
		Lib\Sitecore.Social.Facebook.Api.dll = Lib\Sitecore.Social.Facebook.Api.dll
		Lib\Sitecore.Social.Facebook.Client.dll = Lib\Sitecore.Social.Facebook.Client.dll
		Lib\Sitecore.Social.Facebook.Client.Mvc.dll = Lib\Sitecore.Social.Facebook.Client.Mvc.dll
		Lib\Sitecore.Social.Facebook.dll = Lib\Sitecore.Social.Facebook.dll
		Lib\Sitecore.Social.GooglePlus.Client.dll = Lib\Sitecore.Social.GooglePlus.Client.dll
		Lib\Sitecore.Social.GooglePlus.Client.Mvc.dll = Lib\Sitecore.Social.GooglePlus.Client.Mvc.dll
		Lib\Sitecore.Social.GooglePlus.dll = Lib\Sitecore.Social.GooglePlus.dll
		Lib\Sitecore.Social.Infrastructure.dll = Lib\Sitecore.Social.Infrastructure.dll
		Lib\Sitecore.Social.Infrastructure.Logging.dll = Lib\Sitecore.Social.Infrastructure.Logging.dll
		Lib\Sitecore.Social.Installation.dll = Lib\Sitecore.Social.Installation.dll
		Lib\Sitecore.Social.Klout.Api.dll = Lib\Sitecore.Social.Klout.Api.dll
		Lib\Sitecore.Social.Klout.Client.dll = Lib\Sitecore.Social.Klout.Client.dll
		Lib\Sitecore.Social.LinkedIn.Client.dll = Lib\Sitecore.Social.LinkedIn.Client.dll
		Lib\Sitecore.Social.LinkedIn.Client.Mvc.dll = Lib\Sitecore.Social.LinkedIn.Client.Mvc.dll
		Lib\Sitecore.Social.LinkedIn.dll = Lib\Sitecore.Social.LinkedIn.dll
		Lib\Sitecore.Social.NetworkProviders.dll = Lib\Sitecore.Social.NetworkProviders.dll
		Lib\Sitecore.Social.SitecoreAccess.dll = Lib\Sitecore.Social.SitecoreAccess.dll
		Lib\Sitecore.Social.SocialMarketer.Api.dll = Lib\Sitecore.Social.SocialMarketer.Api.dll
		Lib\Sitecore.Social.SocialMarketer.Client.dll = Lib\Sitecore.Social.SocialMarketer.Client.dll
		Lib\Sitecore.Social.SocialMarketer.dll = Lib\Sitecore.Social.SocialMarketer.dll
		Lib\Sitecore.Social.Twitter.Api.dll = Lib\Sitecore.Social.Twitter.Api.dll
		Lib\Sitecore.Social.Twitter.Client.dll = Lib\Sitecore.Social.Twitter.Client.dll
		Lib\Sitecore.Social.Twitter.Client.Mvc.dll = Lib\Sitecore.Social.Twitter.Client.Mvc.dll
		Lib\Sitecore.Social.Twitter.dll = Lib\Sitecore.Social.Twitter.dll
		Lib\Sitecore.Speak.Applications.dll = Lib\Sitecore.Speak.Applications.dll
		Lib\Sitecore.Speak.Charting.dll = Lib\Sitecore.Speak.Charting.dll
		Lib\Sitecore.Speak.Client.dll = Lib\Sitecore.Speak.Client.dll
		Lib\Sitecore.Speak.Components.dll = Lib\Sitecore.Speak.Components.dll
		Lib\Sitecore.Speak.Components.Guidance.dll = Lib\Sitecore.Speak.Components.Guidance.dll
		Lib\Sitecore.Speak.Components.Web.dll = Lib\Sitecore.Speak.Components.Web.dll
		Lib\Sitecore.Speak.ItemWebApi.dll = Lib\Sitecore.Speak.ItemWebApi.dll
		Lib\Sitecore.Speak.Mvc.dll = Lib\Sitecore.Speak.Mvc.dll
		Lib\Sitecore.Speak.Web.dll = Lib\Sitecore.Speak.Web.dll
		Lib\Sitecore.Update.dll = Lib\Sitecore.Update.dll
		Lib\Sitecore.Web.dll = Lib\Sitecore.Web.dll
		Lib\Sitecore.Xdb.Configuration.dll = Lib\Sitecore.Xdb.Configuration.dll
		Lib\Sitecore.Zip.dll = Lib\Sitecore.Zip.dll
	EndProjectSection
EndProject
Project("{FAE04EC0-301F-11D3-BF4B-00C04F79EFBC}") = "JonathanRobbins.xTendingxDB.CMS", "JonathanRobbins.xTendingxDB.CMS\JonathanRobbins.xTendingxDB.CMS.csproj", "{1AB04542-9056-43BC-A470-7839A5B6D557}"
EndProject
Project("{FAE04EC0-301F-11D3-BF4B-00C04F79EFBC}") = "JonathanRobbins.xTendingxDB.Core", "JonathanRobbins.xTendingxDB.Core\JonathanRobbins.xTendingxDB.Core.csproj", "{115CEFF3-15E7-4339-85F9-08F52C22A88D}"
EndProject
Project("{2150E333-8FDC-42A3-9474-1A3956D46DE8}") = "Solution Items", "Solution Items", "{3B789EFB-B3EC-4E01-A8F6-5CAA0D1C8F0D}"
	ProjectSection(SolutionItems) = preProject
		Site plan.txt = Site plan.txt
	EndProjectSection
EndProject
Project("{FAE04EC0-301F-11D3-BF4B-00C04F79EFBC}") = "JonathanRobbins.xTendingxDB.CMS.xDB", "JonathanRobbins.xTendingxDB.CMS.xDB\JonathanRobbins.xTendingxDB.CMS.xDB.csproj", "{DCA7849F-0727-4CF0-B147-51810BF76156}"
EndProject
Project("{FAE04EC0-301F-11D3-BF4B-00C04F79EFBC}") = "JonathanRobbins.xTendingxDB.Products", "JonathanRobbins.xTendingxDB.Products\JonathanRobbins.xTendingxDB.Products.csproj", "{4C30C094-8144-4D32-BB24-7A22686F88F5}"
EndProject
Project("{FAE04EC0-301F-11D3-BF4B-00C04F79EFBC}") = "JonathanRobbins.xTendingxDB.SearchLogic", "JonathanRobbins.xTendingxDB.SearchLogic\JonathanRobbins.xTendingxDB.SearchLogic.csproj", "{F3C953BB-FEC1-49FD-A81C-C7828E21E31A}"
EndProject
Project("{FAE04EC0-301F-11D3-BF4B-00C04F79EFBC}") = "JonathanRobbins.xTendingxDB.Orders", "JonathanRobbins.xTendingxDB.Orders\JonathanRobbins.xTendingxDB.Orders.csproj", "{43508DB4-4FA5-450C-AF46-1A5D449A56EF}"
EndProject
Global
	GlobalSection(SolutionConfigurationPlatforms) = preSolution
		Debug|Any CPU = Debug|Any CPU
		Release|Any CPU = Release|Any CPU
	EndGlobalSection
	GlobalSection(ProjectConfigurationPlatforms) = postSolution
		{529F47D9-09DE-4044-ADDA-CCBF08EA0148}.Debug|Any CPU.ActiveCfg = Debug|Any CPU
		{529F47D9-09DE-4044-ADDA-CCBF08EA0148}.Debug|Any CPU.Build.0 = Debug|Any CPU
		{529F47D9-09DE-4044-ADDA-CCBF08EA0148}.Release|Any CPU.ActiveCfg = Release|Any CPU
		{529F47D9-09DE-4044-ADDA-CCBF08EA0148}.Release|Any CPU.Build.0 = Release|Any CPU
		{1C1B8B54-E0C6-4DC3-ABE2-D2E76557C137}.Debug|Any CPU.ActiveCfg = Debug|Any CPU
		{1C1B8B54-E0C6-4DC3-ABE2-D2E76557C137}.Debug|Any CPU.Build.0 = Debug|Any CPU
		{1C1B8B54-E0C6-4DC3-ABE2-D2E76557C137}.Release|Any CPU.ActiveCfg = Release|Any CPU
		{1C1B8B54-E0C6-4DC3-ABE2-D2E76557C137}.Release|Any CPU.Build.0 = Release|Any CPU
		{1AB04542-9056-43BC-A470-7839A5B6D557}.Debug|Any CPU.ActiveCfg = Debug|Any CPU
		{1AB04542-9056-43BC-A470-7839A5B6D557}.Debug|Any CPU.Build.0 = Debug|Any CPU
		{1AB04542-9056-43BC-A470-7839A5B6D557}.Release|Any CPU.ActiveCfg = Release|Any CPU
		{1AB04542-9056-43BC-A470-7839A5B6D557}.Release|Any CPU.Build.0 = Release|Any CPU
		{115CEFF3-15E7-4339-85F9-08F52C22A88D}.Debug|Any CPU.ActiveCfg = Debug|Any CPU
		{115CEFF3-15E7-4339-85F9-08F52C22A88D}.Debug|Any CPU.Build.0 = Debug|Any CPU
		{115CEFF3-15E7-4339-85F9-08F52C22A88D}.Release|Any CPU.ActiveCfg = Release|Any CPU
		{115CEFF3-15E7-4339-85F9-08F52C22A88D}.Release|Any CPU.Build.0 = Release|Any CPU
		{DCA7849F-0727-4CF0-B147-51810BF76156}.Debug|Any CPU.ActiveCfg = Debug|Any CPU
		{DCA7849F-0727-4CF0-B147-51810BF76156}.Debug|Any CPU.Build.0 = Debug|Any CPU
		{DCA7849F-0727-4CF0-B147-51810BF76156}.Release|Any CPU.ActiveCfg = Release|Any CPU
		{DCA7849F-0727-4CF0-B147-51810BF76156}.Release|Any CPU.Build.0 = Release|Any CPU
		{4C30C094-8144-4D32-BB24-7A22686F88F5}.Debug|Any CPU.ActiveCfg = Debug|Any CPU
		{4C30C094-8144-4D32-BB24-7A22686F88F5}.Debug|Any CPU.Build.0 = Debug|Any CPU
		{4C30C094-8144-4D32-BB24-7A22686F88F5}.Release|Any CPU.ActiveCfg = Release|Any CPU
		{4C30C094-8144-4D32-BB24-7A22686F88F5}.Release|Any CPU.Build.0 = Release|Any CPU
		{F3C953BB-FEC1-49FD-A81C-C7828E21E31A}.Debug|Any CPU.ActiveCfg = Debug|Any CPU
		{F3C953BB-FEC1-49FD-A81C-C7828E21E31A}.Debug|Any CPU.Build.0 = Debug|Any CPU
		{F3C953BB-FEC1-49FD-A81C-C7828E21E31A}.Release|Any CPU.ActiveCfg = Release|Any CPU
		{F3C953BB-FEC1-49FD-A81C-C7828E21E31A}.Release|Any CPU.Build.0 = Release|Any CPU
		{43508DB4-4FA5-450C-AF46-1A5D449A56EF}.Debug|Any CPU.ActiveCfg = Debug|Any CPU
		{43508DB4-4FA5-450C-AF46-1A5D449A56EF}.Debug|Any CPU.Build.0 = Debug|Any CPU
		{43508DB4-4FA5-450C-AF46-1A5D449A56EF}.Release|Any CPU.ActiveCfg = Release|Any CPU
		{43508DB4-4FA5-450C-AF46-1A5D449A56EF}.Release|Any CPU.Build.0 = Release|Any CPU
	EndGlobalSection
	GlobalSection(SolutionProperties) = preSolution
		HideSolutionNode = FALSE
	EndGlobalSection
EndGlobal
